// !$*UTF8*$!
{
	archiveVersion = 1;
	classes = {
	};
	objectVersion = 70;
	objects = {

/* Begin PBXBuildFile section */
		27502E532C9BF98D006133F7 /* SalesChartView.swift in Sources */ = {isa = PBXBuildFile; fileRef = 27502E522C9BF98D006133F7 /* SalesChartView.swift */; };
		27502E562C9D03D4006133F7 /* SalesDashboardView.swift in Sources */ = {isa = PBXBuildFile; fileRef = 27502E552C9D03D4006133F7 /* SalesDashboardView.swift */; };
		27AD60702CA00B2900257E74 /* NotificationManager.swift in Sources */ = {isa = PBXBuildFile; fileRef = 27AD606F2CA00B2900257E74 /* NotificationManager.swift */; };
		27BA42EC2CA8FE0F009AFC5E /* ContactMugView.swift in Sources */ = {isa = PBXBuildFile; fileRef = 27BA42EB2CA8FE0F009AFC5E /* ContactMugView.swift */; };
		27D7CA4C2CA935BF00A1CAF6 /* ChartsView.swift in Sources */ = {isa = PBXBuildFile; fileRef = 27D7CA4B2CA935BF00A1CAF6 /* ChartsView.swift */; };
		27DF0E5A2C9E77450092EA2E /* MonthYearPicker.swift in Sources */ = {isa = PBXBuildFile; fileRef = 27DF0E592C9E77450092EA2E /* MonthYearPicker.swift */; };
		6C4EB17C2C86B03300CA508E /* AudioPlayer.swift in Sources */ = {isa = PBXBuildFile; fileRef = 6C4EB17B2C86B03300CA508E /* AudioPlayer.swift */; };
		6C4EB1802C86B0BB00CA508E /* Sheeeeit.m4a in Resources */ = {isa = PBXBuildFile; fileRef = 6C4EB17E2C86B0BB00CA508E /* Sheeeeit.m4a */; };
		6C4EB1812C86B0BB00CA508E /* Sheeit.m4a in Resources */ = {isa = PBXBuildFile; fileRef = 6C4EB17F2C86B0BB00CA508E /* Sheeit.m4a */; };
		6C4EB1852C86B92400CA508E /* okay.m4a in Resources */ = {isa = PBXBuildFile; fileRef = 6C4EB1842C86B92400CA508E /* okay.m4a */; };
		6C4EB1962C880DB700CA508E /* CompaniesHomeView.swift in Sources */ = {isa = PBXBuildFile; fileRef = 6C4EB1952C880DB700CA508E /* CompaniesHomeView.swift */; };
		6C4EB1982C880F9000CA508E /* CompanyDetailView.swift in Sources */ = {isa = PBXBuildFile; fileRef = 6C4EB1972C880F9000CA508E /* CompanyDetailView.swift */; };
		6C4EB19A2C88128C00CA508E /* ContactListView.swift in Sources */ = {isa = PBXBuildFile; fileRef = 6C4EB1992C88128C00CA508E /* ContactListView.swift */; };
		6C4EB19C2C88191700CA508E /* InteractionListView.swift in Sources */ = {isa = PBXBuildFile; fileRef = 6C4EB19B2C88191700CA508E /* InteractionListView.swift */; };
		6C4EB19E2C881AC800CA508E /* OrderListView.swift in Sources */ = {isa = PBXBuildFile; fileRef = 6C4EB19D2C881AC800CA508E /* OrderListView.swift */; };
		6C5FBBEE2C8D77B3000E21CB /* OrderSymbolView.swift in Sources */ = {isa = PBXBuildFile; fileRef = 6C5FBBED2C8D77B3000E21CB /* OrderSymbolView.swift */; };
		6C5FBBF02C8DAEC8000E21CB /* TaskDetailView.swift in Sources */ = {isa = PBXBuildFile; fileRef = 6C5FBBEF2C8DAEC8000E21CB /* TaskDetailView.swift */; };
		6C5FBBF32C8DB65E000E21CB /* AddTaskView.swift in Sources */ = {isa = PBXBuildFile; fileRef = 6C5FBBF22C8DB65E000E21CB /* AddTaskView.swift */; };
		6C5FBBF52C8DBC8F000E21CB /* TaskListView.swift in Sources */ = {isa = PBXBuildFile; fileRef = 6C5FBBF42C8DBC8F000E21CB /* TaskListView.swift */; };
		6C5FBBF72C8DBE6E000E21CB /* TaskRowView.swift in Sources */ = {isa = PBXBuildFile; fileRef = 6C5FBBF62C8DBE6E000E21CB /* TaskRowView.swift */; };
		6C784F8A2C83517F00E64FF0 /* GhostedApp.swift in Sources */ = {isa = PBXBuildFile; fileRef = 6C784F892C83517F00E64FF0 /* GhostedApp.swift */; };
		6C784F8E2C83518200E64FF0 /* Assets.xcassets in Resources */ = {isa = PBXBuildFile; fileRef = 6C784F8D2C83518200E64FF0 /* Assets.xcassets */; };
		6C784FB12C8351DC00E64FF0 /* AddContactView.swift in Sources */ = {isa = PBXBuildFile; fileRef = 6C784F992C8351DA00E64FF0 /* AddContactView.swift */; };
		6C784FB22C8351DC00E64FF0 /* ContactDetailView.swift in Sources */ = {isa = PBXBuildFile; fileRef = 6C784F9A2C8351DA00E64FF0 /* ContactDetailView.swift */; };
		6C784FB32C8351DC00E64FF0 /* NoteDetailView.swift in Sources */ = {isa = PBXBuildFile; fileRef = 6C784F9B2C8351DA00E64FF0 /* NoteDetailView.swift */; };
		6C784FB42C8351DC00E64FF0 /* AddNoteView.swift in Sources */ = {isa = PBXBuildFile; fileRef = 6C784F9C2C8351DA00E64FF0 /* AddNoteView.swift */; };
		6C784FB52C8351DC00E64FF0 /* ContactRowView.swift in Sources */ = {isa = PBXBuildFile; fileRef = 6C784F9D2C8351DA00E64FF0 /* ContactRowView.swift */; };
		6C784FB62C8351DC00E64FF0 /* OrderDetailView.swift in Sources */ = {isa = PBXBuildFile; fileRef = 6C784F9F2C8351DB00E64FF0 /* OrderDetailView.swift */; };
		6C784FB72C8351DC00E64FF0 /* OrderRowView.swift in Sources */ = {isa = PBXBuildFile; fileRef = 6C784FA02C8351DB00E64FF0 /* OrderRowView.swift */; };
		6C784FB82C8351DC00E64FF0 /* AddOrderView.swift in Sources */ = {isa = PBXBuildFile; fileRef = 6C784FA12C8351DB00E64FF0 /* AddOrderView.swift */; };
		6C784FBA2C8351DC00E64FF0 /* CompanyListView.swift in Sources */ = {isa = PBXBuildFile; fileRef = 6C784FA42C8351DB00E64FF0 /* CompanyListView.swift */; };
		6C784FBB2C8351DC00E64FF0 /* CompanyForm.swift in Sources */ = {isa = PBXBuildFile; fileRef = 6C784FA52C8351DB00E64FF0 /* CompanyForm.swift */; };
		6C784FBC2C8351DC00E64FF0 /* AddCompanyView.swift in Sources */ = {isa = PBXBuildFile; fileRef = 6C784FA62C8351DB00E64FF0 /* AddCompanyView.swift */; };
		6C784FBF2C8351DC00E64FF0 /* ContentView.swift in Sources */ = {isa = PBXBuildFile; fileRef = 6C784FAA2C8351DB00E64FF0 /* ContentView.swift */; };
		6C784FC02C8351DC00E64FF0 /* SafariView.swift in Sources */ = {isa = PBXBuildFile; fileRef = 6C784FAC2C8351DC00E64FF0 /* SafariView.swift */; };
		6C784FC12C8351DC00E64FF0 /* Countries.swift in Sources */ = {isa = PBXBuildFile; fileRef = 6C784FAD2C8351DC00E64FF0 /* Countries.swift */; };
		6C9183712C85743300623A44 /* AddInteractionView.swift in Sources */ = {isa = PBXBuildFile; fileRef = 6C9183702C85743300623A44 /* AddInteractionView.swift */; };
		6C9183732C85796D00623A44 /* InteractionDetailView.swift in Sources */ = {isa = PBXBuildFile; fileRef = 6C9183722C85796D00623A44 /* InteractionDetailView.swift */; };
/* End PBXBuildFile section */

/* Begin PBXFileReference section */
		27502E522C9BF98D006133F7 /* SalesChartView.swift */ = {isa = PBXFileReference; lastKnownFileType = sourcecode.swift; path = SalesChartView.swift; sourceTree = "<group>"; };
		27502E552C9D03D4006133F7 /* SalesDashboardView.swift */ = {isa = PBXFileReference; lastKnownFileType = sourcecode.swift; path = SalesDashboardView.swift; sourceTree = "<group>"; };
		27AD606F2CA00B2900257E74 /* NotificationManager.swift */ = {isa = PBXFileReference; lastKnownFileType = sourcecode.swift; path = NotificationManager.swift; sourceTree = "<group>"; };
		27AD60712CA00C5200257E74 /* Info.plist */ = {isa = PBXFileReference; lastKnownFileType = text.plist; path = Info.plist; sourceTree = "<group>"; };
		27BA42EB2CA8FE0F009AFC5E /* ContactMugView.swift */ = {isa = PBXFileReference; lastKnownFileType = sourcecode.swift; path = ContactMugView.swift; sourceTree = "<group>"; };
		27D7CA4B2CA935BF00A1CAF6 /* ChartsView.swift */ = {isa = PBXFileReference; lastKnownFileType = sourcecode.swift; path = ChartsView.swift; sourceTree = "<group>"; };
		27DF0E592C9E77450092EA2E /* MonthYearPicker.swift */ = {isa = PBXFileReference; lastKnownFileType = sourcecode.swift; path = MonthYearPicker.swift; sourceTree = "<group>"; };
		6C4EB17B2C86B03300CA508E /* AudioPlayer.swift */ = {isa = PBXFileReference; lastKnownFileType = sourcecode.swift; path = AudioPlayer.swift; sourceTree = "<group>"; };
		6C4EB17E2C86B0BB00CA508E /* Sheeeeit.m4a */ = {isa = PBXFileReference; lastKnownFileType = file; path = Sheeeeit.m4a; sourceTree = "<group>"; };
		6C4EB17F2C86B0BB00CA508E /* Sheeit.m4a */ = {isa = PBXFileReference; lastKnownFileType = file; path = Sheeit.m4a; sourceTree = "<group>"; };
		6C4EB1842C86B92400CA508E /* okay.m4a */ = {isa = PBXFileReference; lastKnownFileType = file; path = okay.m4a; sourceTree = "<group>"; };
		6C4EB1952C880DB700CA508E /* CompaniesHomeView.swift */ = {isa = PBXFileReference; lastKnownFileType = sourcecode.swift; path = CompaniesHomeView.swift; sourceTree = "<group>"; };
		6C4EB1972C880F9000CA508E /* CompanyDetailView.swift */ = {isa = PBXFileReference; lastKnownFileType = sourcecode.swift; path = CompanyDetailView.swift; sourceTree = "<group>"; };
		6C4EB1992C88128C00CA508E /* ContactListView.swift */ = {isa = PBXFileReference; lastKnownFileType = sourcecode.swift; path = ContactListView.swift; sourceTree = "<group>"; };
		6C4EB19B2C88191700CA508E /* InteractionListView.swift */ = {isa = PBXFileReference; lastKnownFileType = sourcecode.swift; path = InteractionListView.swift; sourceTree = "<group>"; };
		6C4EB19D2C881AC800CA508E /* OrderListView.swift */ = {isa = PBXFileReference; lastKnownFileType = sourcecode.swift; path = OrderListView.swift; sourceTree = "<group>"; };
		6C5FBBED2C8D77B3000E21CB /* OrderSymbolView.swift */ = {isa = PBXFileReference; lastKnownFileType = sourcecode.swift; path = OrderSymbolView.swift; sourceTree = "<group>"; };
		6C5FBBEF2C8DAEC8000E21CB /* TaskDetailView.swift */ = {isa = PBXFileReference; lastKnownFileType = sourcecode.swift; path = TaskDetailView.swift; sourceTree = "<group>"; };
		6C5FBBF22C8DB65E000E21CB /* AddTaskView.swift */ = {isa = PBXFileReference; lastKnownFileType = sourcecode.swift; path = AddTaskView.swift; sourceTree = "<group>"; };
		6C5FBBF42C8DBC8F000E21CB /* TaskListView.swift */ = {isa = PBXFileReference; lastKnownFileType = sourcecode.swift; path = TaskListView.swift; sourceTree = "<group>"; };
		6C5FBBF62C8DBE6E000E21CB /* TaskRowView.swift */ = {isa = PBXFileReference; lastKnownFileType = sourcecode.swift; path = TaskRowView.swift; sourceTree = "<group>"; };
		6C784F862C83517F00E64FF0 /* Ghosted.app */ = {isa = PBXFileReference; explicitFileType = wrapper.application; includeInIndex = 0; path = Ghosted.app; sourceTree = BUILT_PRODUCTS_DIR; };
		6C784F892C83517F00E64FF0 /* GhostedApp.swift */ = {isa = PBXFileReference; lastKnownFileType = sourcecode.swift; path = GhostedApp.swift; sourceTree = "<group>"; };
		6C784F8D2C83518200E64FF0 /* Assets.xcassets */ = {isa = PBXFileReference; lastKnownFileType = folder.assetcatalog; path = Assets.xcassets; sourceTree = "<group>"; };
		6C784F992C8351DA00E64FF0 /* AddContactView.swift */ = {isa = PBXFileReference; fileEncoding = 4; lastKnownFileType = sourcecode.swift; path = AddContactView.swift; sourceTree = "<group>"; };
		6C784F9A2C8351DA00E64FF0 /* ContactDetailView.swift */ = {isa = PBXFileReference; fileEncoding = 4; lastKnownFileType = sourcecode.swift; path = ContactDetailView.swift; sourceTree = "<group>"; };
		6C784F9B2C8351DA00E64FF0 /* NoteDetailView.swift */ = {isa = PBXFileReference; fileEncoding = 4; lastKnownFileType = sourcecode.swift; path = NoteDetailView.swift; sourceTree = "<group>"; };
		6C784F9C2C8351DA00E64FF0 /* AddNoteView.swift */ = {isa = PBXFileReference; fileEncoding = 4; lastKnownFileType = sourcecode.swift; path = AddNoteView.swift; sourceTree = "<group>"; };
		6C784F9D2C8351DA00E64FF0 /* ContactRowView.swift */ = {isa = PBXFileReference; fileEncoding = 4; lastKnownFileType = sourcecode.swift; path = ContactRowView.swift; sourceTree = "<group>"; };
		6C784F9F2C8351DB00E64FF0 /* OrderDetailView.swift */ = {isa = PBXFileReference; fileEncoding = 4; lastKnownFileType = sourcecode.swift; path = OrderDetailView.swift; sourceTree = "<group>"; };
		6C784FA02C8351DB00E64FF0 /* OrderRowView.swift */ = {isa = PBXFileReference; fileEncoding = 4; lastKnownFileType = sourcecode.swift; path = OrderRowView.swift; sourceTree = "<group>"; };
		6C784FA12C8351DB00E64FF0 /* AddOrderView.swift */ = {isa = PBXFileReference; fileEncoding = 4; lastKnownFileType = sourcecode.swift; path = AddOrderView.swift; sourceTree = "<group>"; };
		6C784FA42C8351DB00E64FF0 /* CompanyListView.swift */ = {isa = PBXFileReference; fileEncoding = 4; lastKnownFileType = sourcecode.swift; path = CompanyListView.swift; sourceTree = "<group>"; };
		6C784FA52C8351DB00E64FF0 /* CompanyForm.swift */ = {isa = PBXFileReference; fileEncoding = 4; lastKnownFileType = sourcecode.swift; path = CompanyForm.swift; sourceTree = "<group>"; };
		6C784FA62C8351DB00E64FF0 /* AddCompanyView.swift */ = {isa = PBXFileReference; fileEncoding = 4; lastKnownFileType = sourcecode.swift; path = AddCompanyView.swift; sourceTree = "<group>"; };
		6C784FAA2C8351DB00E64FF0 /* ContentView.swift */ = {isa = PBXFileReference; fileEncoding = 4; lastKnownFileType = sourcecode.swift; path = ContentView.swift; sourceTree = "<group>"; };
		6C784FAC2C8351DC00E64FF0 /* SafariView.swift */ = {isa = PBXFileReference; fileEncoding = 4; lastKnownFileType = sourcecode.swift; path = SafariView.swift; sourceTree = "<group>"; };
		6C784FAD2C8351DC00E64FF0 /* Countries.swift */ = {isa = PBXFileReference; fileEncoding = 4; lastKnownFileType = sourcecode.swift; path = Countries.swift; sourceTree = "<group>"; };
		6C9183702C85743300623A44 /* AddInteractionView.swift */ = {isa = PBXFileReference; lastKnownFileType = sourcecode.swift; path = AddInteractionView.swift; sourceTree = "<group>"; };
		6C9183722C85796D00623A44 /* InteractionDetailView.swift */ = {isa = PBXFileReference; lastKnownFileType = sourcecode.swift; path = InteractionDetailView.swift; sourceTree = "<group>"; };
/* End PBXFileReference section */

/* Begin PBXFileSystemSynchronizedRootGroup section */
		27DF20DF2CA7D55400F6A01F /* Models */ = {isa = PBXFileSystemSynchronizedRootGroup; explicitFileTypes = {}; explicitFolders = (); path = Models; sourceTree = "<group>"; };
/* End PBXFileSystemSynchronizedRootGroup section */

/* Begin PBXFrameworksBuildPhase section */
		6C784F832C83517F00E64FF0 /* Frameworks */ = {
			isa = PBXFrameworksBuildPhase;
			buildActionMask = 2147483647;
			files = (
			);
			runOnlyForDeploymentPostprocessing = 0;
		};
/* End PBXFrameworksBuildPhase section */

/* Begin PBXGroup section */
		272DDAA22CA8130B00FFE43D /* Note Views */ = {
			isa = PBXGroup;
			children = (
				6C784F9B2C8351DA00E64FF0 /* NoteDetailView.swift */,
				6C784F9C2C8351DA00E64FF0 /* AddNoteView.swift */,
			);
			path = "Note Views";
			sourceTree = "<group>";
		};
		27502E542C9BFD6D006133F7 /* Sales Views */ = {
			isa = PBXGroup;
			children = (
				27502E522C9BF98D006133F7 /* SalesChartView.swift */,
				27D7CA4B2CA935BF00A1CAF6 /* ChartsView.swift */,
				27502E552C9D03D4006133F7 /* SalesDashboardView.swift */,
				27DF0E592C9E77450092EA2E /* MonthYearPicker.swift */,
			);
			path = "Sales Views";
			sourceTree = "<group>";
		};
		6C4EB17D2C86B0BB00CA508E /* Resources */ = {
			isa = PBXGroup;
			children = (
				6C4EB1842C86B92400CA508E /* okay.m4a */,
				6C4EB17E2C86B0BB00CA508E /* Sheeeeit.m4a */,
				6C4EB17F2C86B0BB00CA508E /* Sheeit.m4a */,
			);
			path = Resources;
			sourceTree = "<group>";
		};
		6C4EB1862C86C28700CA508E /* Interaction Views */ = {
			isa = PBXGroup;
			children = (
				6C9183722C85796D00623A44 /* InteractionDetailView.swift */,
				6C4EB19B2C88191700CA508E /* InteractionListView.swift */,
				6C9183702C85743300623A44 /* AddInteractionView.swift */,
			);
			path = "Interaction Views";
			sourceTree = "<group>";
		};
		6C5FBBF12C8DAECF000E21CB /* Task Views */ = {
			isa = PBXGroup;
			children = (
				6C5FBBEF2C8DAEC8000E21CB /* TaskDetailView.swift */,
				6C5FBBF62C8DBE6E000E21CB /* TaskRowView.swift */,
				6C5FBBF22C8DB65E000E21CB /* AddTaskView.swift */,
				6C5FBBF42C8DBC8F000E21CB /* TaskListView.swift */,
			);
			path = "Task Views";
			sourceTree = "<group>";
		};
		6C784F7D2C83517F00E64FF0 = {
			isa = PBXGroup;
			children = (
				6C784F882C83517F00E64FF0 /* Ghosted */,
				6C784F872C83517F00E64FF0 /* Products */,
			);
			sourceTree = "<group>";
		};
		6C784F872C83517F00E64FF0 /* Products */ = {
			isa = PBXGroup;
			children = (
				6C784F862C83517F00E64FF0 /* Ghosted.app */,
			);
			name = Products;
			sourceTree = "<group>";
		};
		6C784F882C83517F00E64FF0 /* Ghosted */ = {
			isa = PBXGroup;
			children = (
				27AD60712CA00C5200257E74 /* Info.plist */,
				6C784F892C83517F00E64FF0 /* GhostedApp.swift */,
				6C784FAA2C8351DB00E64FF0 /* ContentView.swift */,
				6C784FAF2C8351DC00E64FF0 /* Views */,
				27DF20DF2CA7D55400F6A01F /* Models */,
				6C784FAB2C8351DC00E64FF0 /* Helpers */,
				6C784F8D2C83518200E64FF0 /* Assets.xcassets */,
				6C4EB17D2C86B0BB00CA508E /* Resources */,
			);
			path = Ghosted;
			sourceTree = "<group>";
		};
		6C784F982C8351DA00E64FF0 /* Contact Views */ = {
			isa = PBXGroup;
			children = (
				6C784F992C8351DA00E64FF0 /* AddContactView.swift */,
				27BA42EB2CA8FE0F009AFC5E /* ContactMugView.swift */,
				6C4EB1992C88128C00CA508E /* ContactListView.swift */,
				6C784F9A2C8351DA00E64FF0 /* ContactDetailView.swift */,
				6C784F9D2C8351DA00E64FF0 /* ContactRowView.swift */,
			);
			path = "Contact Views";
			sourceTree = "<group>";
		};
		6C784F9E2C8351DB00E64FF0 /* Order Views */ = {
			isa = PBXGroup;
			children = (
				6C784F9F2C8351DB00E64FF0 /* OrderDetailView.swift */,
				6C5FBBED2C8D77B3000E21CB /* OrderSymbolView.swift */,
				6C4EB19D2C881AC800CA508E /* OrderListView.swift */,
				6C784FA02C8351DB00E64FF0 /* OrderRowView.swift */,
				6C784FA12C8351DB00E64FF0 /* AddOrderView.swift */,
			);
			path = "Order Views";
			sourceTree = "<group>";
		};
		6C784FA22C8351DB00E64FF0 /* Company Views */ = {
			isa = PBXGroup;
			children = (
				6C4EB1952C880DB700CA508E /* CompaniesHomeView.swift */,
				6C4EB1972C880F9000CA508E /* CompanyDetailView.swift */,
				6C784FA42C8351DB00E64FF0 /* CompanyListView.swift */,
				6C784FA52C8351DB00E64FF0 /* CompanyForm.swift */,
				6C784FA62C8351DB00E64FF0 /* AddCompanyView.swift */,
			);
			path = "Company Views";
			sourceTree = "<group>";
		};
		6C784FAB2C8351DC00E64FF0 /* Helpers */ = {
			isa = PBXGroup;
			children = (
				6C784FAC2C8351DC00E64FF0 /* SafariView.swift */,
				6C784FAD2C8351DC00E64FF0 /* Countries.swift */,
				6C4EB17B2C86B03300CA508E /* AudioPlayer.swift */,
				27AD606F2CA00B2900257E74 /* NotificationManager.swift */,
			);
			path = Helpers;
			sourceTree = "<group>";
		};
		6C784FAF2C8351DC00E64FF0 /* Views */ = {
			isa = PBXGroup;
			children = (
				6C784FA22C8351DB00E64FF0 /* Company Views */,
				6C784F982C8351DA00E64FF0 /* Contact Views */,
				272DDAA22CA8130B00FFE43D /* Note Views */,
				6C4EB1862C86C28700CA508E /* Interaction Views */,
				6C784F9E2C8351DB00E64FF0 /* Order Views */,
				6C5FBBF12C8DAECF000E21CB /* Task Views */,
				27502E542C9BFD6D006133F7 /* Sales Views */,
			);
			path = Views;
			sourceTree = "<group>";
		};
/* End PBXGroup section */

/* Begin PBXNativeTarget section */
		6C784F852C83517F00E64FF0 /* Ghosted */ = {
			isa = PBXNativeTarget;
			buildConfigurationList = 6C784F942C83518200E64FF0 /* Build configuration list for PBXNativeTarget "Ghosted" */;
			buildPhases = (
				6C784F822C83517F00E64FF0 /* Sources */,
				6C784F832C83517F00E64FF0 /* Frameworks */,
				6C784F842C83517F00E64FF0 /* Resources */,
			);
			buildRules = (
			);
			dependencies = (
			);
			fileSystemSynchronizedGroups = (
				27DF20DF2CA7D55400F6A01F /* Models */,
			);
			name = Ghosted;
			productName = Ghosted;
			productReference = 6C784F862C83517F00E64FF0 /* Ghosted.app */;
			productType = "com.apple.product-type.application";
		};
/* End PBXNativeTarget section */

/* Begin PBXProject section */
		6C784F7E2C83517F00E64FF0 /* Project object */ = {
			isa = PBXProject;
			attributes = {
				BuildIndependentTargetsInParallel = 1;
				LastSwiftUpdateCheck = 1520;
				LastUpgradeCheck = 1520;
				TargetAttributes = {
					6C784F852C83517F00E64FF0 = {
						CreatedOnToolsVersion = 15.2;
					};
				};
			};
			buildConfigurationList = 6C784F812C83517F00E64FF0 /* Build configuration list for PBXProject "Ghosted" */;
			compatibilityVersion = "Xcode 14.0";
			developmentRegion = en;
			hasScannedForEncodings = 0;
			knownRegions = (
				en,
				Base,
			);
			mainGroup = 6C784F7D2C83517F00E64FF0;
			productRefGroup = 6C784F872C83517F00E64FF0 /* Products */;
			projectDirPath = "";
			projectRoot = "";
			targets = (
				6C784F852C83517F00E64FF0 /* Ghosted */,
			);
		};
/* End PBXProject section */

/* Begin PBXResourcesBuildPhase section */
		6C784F842C83517F00E64FF0 /* Resources */ = {
			isa = PBXResourcesBuildPhase;
			buildActionMask = 2147483647;
			files = (
				6C4EB1812C86B0BB00CA508E /* Sheeit.m4a in Resources */,
				6C784F8E2C83518200E64FF0 /* Assets.xcassets in Resources */,
				6C4EB1852C86B92400CA508E /* okay.m4a in Resources */,
				6C4EB1802C86B0BB00CA508E /* Sheeeeit.m4a in Resources */,
			);
			runOnlyForDeploymentPostprocessing = 0;
		};
/* End PBXResourcesBuildPhase section */

/* Begin PBXSourcesBuildPhase section */
		6C784F822C83517F00E64FF0 /* Sources */ = {
			isa = PBXSourcesBuildPhase;
			buildActionMask = 2147483647;
			files = (
				6C784FBA2C8351DC00E64FF0 /* CompanyListView.swift in Sources */,
				6C784FBB2C8351DC00E64FF0 /* CompanyForm.swift in Sources */,
				6C4EB1962C880DB700CA508E /* CompaniesHomeView.swift in Sources */,
				27DF0E5A2C9E77450092EA2E /* MonthYearPicker.swift in Sources */,
				6C4EB19C2C88191700CA508E /* InteractionListView.swift in Sources */,
				6C784FBF2C8351DC00E64FF0 /* ContentView.swift in Sources */,
				6C4EB1982C880F9000CA508E /* CompanyDetailView.swift in Sources */,
				6C9183712C85743300623A44 /* AddInteractionView.swift in Sources */,
				6C784FB72C8351DC00E64FF0 /* OrderRowView.swift in Sources */,
				6C784FC12C8351DC00E64FF0 /* Countries.swift in Sources */,
				27502E532C9BF98D006133F7 /* SalesChartView.swift in Sources */,
				27D7CA4C2CA935BF00A1CAF6 /* ChartsView.swift in Sources */,
				6C784FB42C8351DC00E64FF0 /* AddNoteView.swift in Sources */,
				6C5FBBF72C8DBE6E000E21CB /* TaskRowView.swift in Sources */,
				6C4EB19E2C881AC800CA508E /* OrderListView.swift in Sources */,
				6C4EB17C2C86B03300CA508E /* AudioPlayer.swift in Sources */,
				27AD60702CA00B2900257E74 /* NotificationManager.swift in Sources */,
				27502E562C9D03D4006133F7 /* SalesDashboardView.swift in Sources */,
				6C784FB52C8351DC00E64FF0 /* ContactRowView.swift in Sources */,
				6C784FB62C8351DC00E64FF0 /* OrderDetailView.swift in Sources */,
				6C4EB19A2C88128C00CA508E /* ContactListView.swift in Sources */,
				6C5FBBF32C8DB65E000E21CB /* AddTaskView.swift in Sources */,
				6C784FBC2C8351DC00E64FF0 /* AddCompanyView.swift in Sources */,
				6C784FB22C8351DC00E64FF0 /* ContactDetailView.swift in Sources */,
				6C9183732C85796D00623A44 /* InteractionDetailView.swift in Sources */,
				27BA42EC2CA8FE0F009AFC5E /* ContactMugView.swift in Sources */,
				6C784FB32C8351DC00E64FF0 /* NoteDetailView.swift in Sources */,
				6C784FC02C8351DC00E64FF0 /* SafariView.swift in Sources */,
				6C784FB12C8351DC00E64FF0 /* AddContactView.swift in Sources */,
				6C5FBBEE2C8D77B3000E21CB /* OrderSymbolView.swift in Sources */,
				6C784F8A2C83517F00E64FF0 /* GhostedApp.swift in Sources */,
				6C5FBBF52C8DBC8F000E21CB /* TaskListView.swift in Sources */,
				6C784FB82C8351DC00E64FF0 /* AddOrderView.swift in Sources */,
				6C5FBBF02C8DAEC8000E21CB /* TaskDetailView.swift in Sources */,
			);
			runOnlyForDeploymentPostprocessing = 0;
		};
/* End PBXSourcesBuildPhase section */

/* Begin XCBuildConfiguration section */
		6C784F922C83518200E64FF0 /* Debug */ = {
			isa = XCBuildConfiguration;
			buildSettings = {
				ALWAYS_SEARCH_USER_PATHS = NO;
				ASSETCATALOG_COMPILER_GENERATE_SWIFT_ASSET_SYMBOL_EXTENSIONS = YES;
				CLANG_ANALYZER_NONNULL = YES;
				CLANG_ANALYZER_NUMBER_OBJECT_CONVERSION = YES_AGGRESSIVE;
				CLANG_CXX_LANGUAGE_STANDARD = "gnu++20";
				CLANG_ENABLE_MODULES = YES;
				CLANG_ENABLE_OBJC_ARC = YES;
				CLANG_ENABLE_OBJC_WEAK = YES;
				CLANG_WARN_BLOCK_CAPTURE_AUTORELEASING = YES;
				CLANG_WARN_BOOL_CONVERSION = YES;
				CLANG_WARN_COMMA = YES;
				CLANG_WARN_CONSTANT_CONVERSION = YES;
				CLANG_WARN_DEPRECATED_OBJC_IMPLEMENTATIONS = YES;
				CLANG_WARN_DIRECT_OBJC_ISA_USAGE = YES_ERROR;
				CLANG_WARN_DOCUMENTATION_COMMENTS = YES;
				CLANG_WARN_EMPTY_BODY = YES;
				CLANG_WARN_ENUM_CONVERSION = YES;
				CLANG_WARN_INFINITE_RECURSION = YES;
				CLANG_WARN_INT_CONVERSION = YES;
				CLANG_WARN_NON_LITERAL_NULL_CONVERSION = YES;
				CLANG_WARN_OBJC_IMPLICIT_RETAIN_SELF = YES;
				CLANG_WARN_OBJC_LITERAL_CONVERSION = YES;
				CLANG_WARN_OBJC_ROOT_CLASS = YES_ERROR;
				CLANG_WARN_QUOTED_INCLUDE_IN_FRAMEWORK_HEADER = YES;
				CLANG_WARN_RANGE_LOOP_ANALYSIS = YES;
				CLANG_WARN_STRICT_PROTOTYPES = YES;
				CLANG_WARN_SUSPICIOUS_MOVE = YES;
				CLANG_WARN_UNGUARDED_AVAILABILITY = YES_AGGRESSIVE;
				CLANG_WARN_UNREACHABLE_CODE = YES;
				CLANG_WARN__DUPLICATE_METHOD_MATCH = YES;
				COPY_PHASE_STRIP = NO;
				DEBUG_INFORMATION_FORMAT = dwarf;
				ENABLE_STRICT_OBJC_MSGSEND = YES;
				ENABLE_TESTABILITY = YES;
				ENABLE_USER_SCRIPT_SANDBOXING = YES;
				GCC_C_LANGUAGE_STANDARD = gnu17;
				GCC_DYNAMIC_NO_PIC = NO;
				GCC_NO_COMMON_BLOCKS = YES;
				GCC_OPTIMIZATION_LEVEL = 0;
				GCC_PREPROCESSOR_DEFINITIONS = (
					"DEBUG=1",
					"$(inherited)",
				);
				GCC_WARN_64_TO_32_BIT_CONVERSION = YES;
				GCC_WARN_ABOUT_RETURN_TYPE = YES_ERROR;
				GCC_WARN_UNDECLARED_SELECTOR = YES;
				GCC_WARN_UNINITIALIZED_AUTOS = YES_AGGRESSIVE;
				GCC_WARN_UNUSED_FUNCTION = YES;
				GCC_WARN_UNUSED_VARIABLE = YES;
				IPHONEOS_DEPLOYMENT_TARGET = 17.2;
				LOCALIZATION_PREFERS_STRING_CATALOGS = YES;
				MTL_ENABLE_DEBUG_INFO = INCLUDE_SOURCE;
				MTL_FAST_MATH = YES;
				ONLY_ACTIVE_ARCH = YES;
				SDKROOT = iphoneos;
				SWIFT_ACTIVE_COMPILATION_CONDITIONS = "DEBUG $(inherited)";
				SWIFT_OPTIMIZATION_LEVEL = "-Onone";
			};
			name = Debug;
		};
		6C784F932C83518200E64FF0 /* Release */ = {
			isa = XCBuildConfiguration;
			buildSettings = {
				ALWAYS_SEARCH_USER_PATHS = NO;
				ASSETCATALOG_COMPILER_GENERATE_SWIFT_ASSET_SYMBOL_EXTENSIONS = YES;
				CLANG_ANALYZER_NONNULL = YES;
				CLANG_ANALYZER_NUMBER_OBJECT_CONVERSION = YES_AGGRESSIVE;
				CLANG_CXX_LANGUAGE_STANDARD = "gnu++20";
				CLANG_ENABLE_MODULES = YES;
				CLANG_ENABLE_OBJC_ARC = YES;
				CLANG_ENABLE_OBJC_WEAK = YES;
				CLANG_WARN_BLOCK_CAPTURE_AUTORELEASING = YES;
				CLANG_WARN_BOOL_CONVERSION = YES;
				CLANG_WARN_COMMA = YES;
				CLANG_WARN_CONSTANT_CONVERSION = YES;
				CLANG_WARN_DEPRECATED_OBJC_IMPLEMENTATIONS = YES;
				CLANG_WARN_DIRECT_OBJC_ISA_USAGE = YES_ERROR;
				CLANG_WARN_DOCUMENTATION_COMMENTS = YES;
				CLANG_WARN_EMPTY_BODY = YES;
				CLANG_WARN_ENUM_CONVERSION = YES;
				CLANG_WARN_INFINITE_RECURSION = YES;
				CLANG_WARN_INT_CONVERSION = YES;
				CLANG_WARN_NON_LITERAL_NULL_CONVERSION = YES;
				CLANG_WARN_OBJC_IMPLICIT_RETAIN_SELF = YES;
				CLANG_WARN_OBJC_LITERAL_CONVERSION = YES;
				CLANG_WARN_OBJC_ROOT_CLASS = YES_ERROR;
				CLANG_WARN_QUOTED_INCLUDE_IN_FRAMEWORK_HEADER = YES;
				CLANG_WARN_RANGE_LOOP_ANALYSIS = YES;
				CLANG_WARN_STRICT_PROTOTYPES = YES;
				CLANG_WARN_SUSPICIOUS_MOVE = YES;
				CLANG_WARN_UNGUARDED_AVAILABILITY = YES_AGGRESSIVE;
				CLANG_WARN_UNREACHABLE_CODE = YES;
				CLANG_WARN__DUPLICATE_METHOD_MATCH = YES;
				COPY_PHASE_STRIP = NO;
				DEBUG_INFORMATION_FORMAT = "dwarf-with-dsym";
				ENABLE_NS_ASSERTIONS = NO;
				ENABLE_STRICT_OBJC_MSGSEND = YES;
				ENABLE_USER_SCRIPT_SANDBOXING = YES;
				GCC_C_LANGUAGE_STANDARD = gnu17;
				GCC_NO_COMMON_BLOCKS = YES;
				GCC_WARN_64_TO_32_BIT_CONVERSION = YES;
				GCC_WARN_ABOUT_RETURN_TYPE = YES_ERROR;
				GCC_WARN_UNDECLARED_SELECTOR = YES;
				GCC_WARN_UNINITIALIZED_AUTOS = YES_AGGRESSIVE;
				GCC_WARN_UNUSED_FUNCTION = YES;
				GCC_WARN_UNUSED_VARIABLE = YES;
				IPHONEOS_DEPLOYMENT_TARGET = 17.2;
				LOCALIZATION_PREFERS_STRING_CATALOGS = YES;
				MTL_ENABLE_DEBUG_INFO = NO;
				MTL_FAST_MATH = YES;
				SDKROOT = iphoneos;
				SWIFT_COMPILATION_MODE = wholemodule;
				VALIDATE_PRODUCT = YES;
			};
			name = Release;
		};
		6C784F952C83518200E64FF0 /* Debug */ = {
			isa = XCBuildConfiguration;
			buildSettings = {
				ASSETCATALOG_COMPILER_APPICON_NAME = AppIcon;
				ASSETCATALOG_COMPILER_GLOBAL_ACCENT_COLOR_NAME = AccentColor;
				CODE_SIGN_STYLE = Automatic;
				CURRENT_PROJECT_VERSION = 1;
				DEVELOPMENT_TEAM = 3CXU9CUDTQ;
				ENABLE_PREVIEWS = YES;
				GENERATE_INFOPLIST_FILE = YES;
				INFOPLIST_FILE = Ghosted/Info.plist;
				INFOPLIST_KEY_LSApplicationCategoryType = "public.app-category.business";
				INFOPLIST_KEY_NSCameraUsageDescription = "This app needs access to the camera to take photos of contacts.";
				INFOPLIST_KEY_NSPhotoLibraryUsageDescription = "This app needs access to the photo library to select photos for contacts.";
				INFOPLIST_KEY_UIApplicationSceneManifest_Generation = YES;
				INFOPLIST_KEY_UIApplicationSupportsIndirectInputEvents = YES;
				INFOPLIST_KEY_UILaunchScreen_Generation = YES;
				INFOPLIST_KEY_UISupportedInterfaceOrientations_iPad = "UIInterfaceOrientationPortrait UIInterfaceOrientationPortraitUpsideDown UIInterfaceOrientationLandscapeLeft UIInterfaceOrientationLandscapeRight";
				INFOPLIST_KEY_UISupportedInterfaceOrientations_iPhone = "UIInterfaceOrientationPortrait UIInterfaceOrientationLandscapeLeft UIInterfaceOrientationLandscapeRight";
				IPHONEOS_DEPLOYMENT_TARGET = 17.6;
				LD_RUNPATH_SEARCH_PATHS = (
					"$(inherited)",
					"@executable_path/Frameworks",
				);
				MARKETING_VERSION = 1.0;
				PRODUCT_BUNDLE_IDENTIFIER = com.antoimn.Ghosted;
				PRODUCT_NAME = "$(TARGET_NAME)";
				SWIFT_EMIT_LOC_STRINGS = YES;
				SWIFT_VERSION = 5.0;
				TARGETED_DEVICE_FAMILY = "1,2";
			};
			name = Debug;
		};
		6C784F962C83518200E64FF0 /* Release */ = {
			isa = XCBuildConfiguration;
			buildSettings = {
				ASSETCATALOG_COMPILER_APPICON_NAME = AppIcon;
				ASSETCATALOG_COMPILER_GLOBAL_ACCENT_COLOR_NAME = AccentColor;
				CODE_SIGN_STYLE = Automatic;
				CURRENT_PROJECT_VERSION = 1;
				DEVELOPMENT_TEAM = 3CXU9CUDTQ;
				ENABLE_PREVIEWS = YES;
				GENERATE_INFOPLIST_FILE = YES;
				INFOPLIST_FILE = Ghosted/Info.plist;
				INFOPLIST_KEY_LSApplicationCategoryType = "public.app-category.business";
				INFOPLIST_KEY_NSCameraUsageDescription = "This app needs access to the camera to take photos of contacts.";
				INFOPLIST_KEY_NSPhotoLibraryUsageDescription = "This app needs access to the photo library to select photos for contacts.";
				INFOPLIST_KEY_UIApplicationSceneManifest_Generation = YES;
				INFOPLIST_KEY_UIApplicationSupportsIndirectInputEvents = YES;
				INFOPLIST_KEY_UILaunchScreen_Generation = YES;
				INFOPLIST_KEY_UISupportedInterfaceOrientations_iPad = "UIInterfaceOrientationPortrait UIInterfaceOrientationPortraitUpsideDown UIInterfaceOrientationLandscapeLeft UIInterfaceOrientationLandscapeRight";
				INFOPLIST_KEY_UISupportedInterfaceOrientations_iPhone = "UIInterfaceOrientationPortrait UIInterfaceOrientationLandscapeLeft UIInterfaceOrientationLandscapeRight";
				IPHONEOS_DEPLOYMENT_TARGET = 17.6;
				LD_RUNPATH_SEARCH_PATHS = (
					"$(inherited)",
					"@executable_path/Frameworks",
				);
				MARKETING_VERSION = 1.0;
				PRODUCT_BUNDLE_IDENTIFIER = com.antoimn.Ghosted;
				PRODUCT_NAME = "$(TARGET_NAME)";
				SWIFT_EMIT_LOC_STRINGS = YES;
				SWIFT_VERSION = 5.0;
				TARGETED_DEVICE_FAMILY = "1,2";
			};
			name = Release;
		};
/* End XCBuildConfiguration section */

/* Begin XCConfigurationList section */
		6C784F812C83517F00E64FF0 /* Build configuration list for PBXProject "Ghosted" */ = {
			isa = XCConfigurationList;
			buildConfigurations = (
				6C784F922C83518200E64FF0 /* Debug */,
				6C784F932C83518200E64FF0 /* Release */,
			);
			defaultConfigurationIsVisible = 0;
			defaultConfigurationName = Release;
		};
		6C784F942C83518200E64FF0 /* Build configuration list for PBXNativeTarget "Ghosted" */ = {
			isa = XCConfigurationList;
			buildConfigurations = (
				6C784F952C83518200E64FF0 /* Debug */,
				6C784F962C83518200E64FF0 /* Release */,
			);
			defaultConfigurationIsVisible = 0;
			defaultConfigurationName = Release;
		};
/* End XCConfigurationList section */
	};
	rootObject = 6C784F7E2C83517F00E64FF0 /* Project object */;
}
